// !$*UTF8*$!
{
	archiveVersion = 1;
	classes = {
	};
	objectVersion = 56;
	objects = {

/* Begin PBXBuildFile section */
		F36A060D2D6385BE00D251B4 /* POKEDEXTROISApp.swift in Sources */ = {isa = PBXBuildFile; fileRef = F36A060C2D6385BE00D251B4 /* POKEDEXTROISApp.swift */; };
		F36A060F2D6385BE00D251B4 /* ContentView.swift in Sources */ = {isa = PBXBuildFile; fileRef = F36A060E2D6385BE00D251B4 /* ContentView.swift */; };
		F36A06112D6385C000D251B4 /* Assets.xcassets in Resources */ = {isa = PBXBuildFile; fileRef = F36A06102D6385C000D251B4 /* Assets.xcassets */; };
		F36A06142D6385C000D251B4 /* Preview Assets.xcassets in Resources */ = {isa = PBXBuildFile; fileRef = F36A06132D6385C000D251B4 /* Preview Assets.xcassets */; };
		F36A06162D6385C000D251B4 /* Persistence.swift in Sources */ = {isa = PBXBuildFile; fileRef = F36A06152D6385C000D251B4 /* Persistence.swift */; };
		F36A06192D6385C000D251B4 /* POKEDEXTROIS.xcdatamodeld in Sources */ = {isa = PBXBuildFile; fileRef = F36A06172D6385C000D251B4 /* POKEDEXTROIS.xcdatamodeld */; };
		F36A06202D63861700D251B4 /* Pokemon.swift in Sources */ = {isa = PBXBuildFile; fileRef = F36A061F2D63861700D251B4 /* Pokemon.swift */; };
		F36A06222D63866200D251B4 /* APIService.swift in Sources */ = {isa = PBXBuildFile; fileRef = F36A06212D63866200D251B4 /* APIService.swift */; };
		F36A06242D63868800D251B4 /* PokemonDetailsView.swift in Sources */ = {isa = PBXBuildFile; fileRef = F36A06232D63868800D251B4 /* PokemonDetailsView.swift */; };
/* End PBXBuildFile section */

/* Begin PBXFileReference section */
		F36A06092D6385BE00D251B4 /* POKEDEXTROIS.app */ = {isa = PBXFileReference; explicitFileType = wrapper.application; includeInIndex = 0; path = POKEDEXTROIS.app; sourceTree = BUILT_PRODUCTS_DIR; };
		F36A060C2D6385BE00D251B4 /* POKEDEXTROISApp.swift */ = {isa = PBXFileReference; lastKnownFileType = sourcecode.swift; path = POKEDEXTROISApp.swift; sourceTree = "<group>"; };
		F36A060E2D6385BE00D251B4 /* ContentView.swift */ = {isa = PBXFileReference; lastKnownFileType = sourcecode.swift; path = ContentView.swift; sourceTree = "<group>"; };
		F36A06102D6385C000D251B4 /* Assets.xcassets */ = {isa = PBXFileReference; lastKnownFileType = folder.assetcatalog; path = Assets.xcassets; sourceTree = "<group>"; };
		F36A06132D6385C000D251B4 /* Preview Assets.xcassets */ = {isa = PBXFileReference; lastKnownFileType = folder.assetcatalog; path = "Preview Assets.xcassets"; sourceTree = "<group>"; };
		F36A06152D6385C000D251B4 /* Persistence.swift */ = {isa = PBXFileReference; lastKnownFileType = sourcecode.swift; path = Persistence.swift; sourceTree = "<group>"; };
		F36A06182D6385C000D251B4 /* POKEDEXTROIS.xcdatamodel */ = {isa = PBXFileReference; lastKnownFileType = wrapper.xcdatamodel; path = POKEDEXTROIS.xcdatamodel; sourceTree = "<group>"; };
		F36A061F2D63861700D251B4 /* Pokemon.swift */ = {isa = PBXFileReference; lastKnownFileType = sourcecode.swift; path = Pokemon.swift; sourceTree = "<group>"; };
		F36A06212D63866200D251B4 /* APIService.swift */ = {isa = PBXFileReference; lastKnownFileType = sourcecode.swift; path = APIService.swift; sourceTree = "<group>"; };
		F36A06232D63868800D251B4 /* PokemonDetailsView.swift */ = {isa = PBXFileReference; lastKnownFileType = sourcecode.swift; path = PokemonDetailsView.swift; sourceTree = "<group>"; };
/* End PBXFileReference section */

/* Begin PBXFrameworksBuildPhase section */
		F36A06062D6385BE00D251B4 /* Frameworks */ = {
			isa = PBXFrameworksBuildPhase;
			buildActionMask = 2147483647;
			files = (
			);
			runOnlyForDeploymentPostprocessing = 0;
		};
/* End PBXFrameworksBuildPhase section */

/* Begin PBXGroup section */
		F36A06002D6385BE00D251B4 = {
			isa = PBXGroup;
			children = (
				F36A060B2D6385BE00D251B4 /* POKEDEXTROIS */,
				F36A060A2D6385BE00D251B4 /* Products */,
			);
			sourceTree = "<group>";
		};
		F36A060A2D6385BE00D251B4 /* Products */ = {
			isa = PBXGroup;
			children = (
				F36A06092D6385BE00D251B4 /* POKEDEXTROIS.app */,
			);
			name = Products;
			sourceTree = "<group>";
		};
		F36A060B2D6385BE00D251B4 /* POKEDEXTROIS */ = {
			isa = PBXGroup;
			children = (
				F36A060C2D6385BE00D251B4 /* POKEDEXTROISApp.swift */,
				F36A060E2D6385BE00D251B4 /* ContentView.swift */,
				F36A06102D6385C000D251B4 /* Assets.xcassets */,
				F36A06152D6385C000D251B4 /* Persistence.swift */,
				F36A06172D6385C000D251B4 /* POKEDEXTROIS.xcdatamodeld */,
				F36A06122D6385C000D251B4 /* Preview Content */,
				F36A061F2D63861700D251B4 /* Pokemon.swift */,
				F36A06212D63866200D251B4 /* APIService.swift */,
				F36A06232D63868800D251B4 /* PokemonDetailsView.swift */,
			);
			path = POKEDEXTROIS;
			sourceTree = "<group>";
		};
		F36A06122D6385C000D251B4 /* Preview Content */ = {
			isa = PBXGroup;
			children = (
				F36A06132D6385C000D251B4 /* Preview Assets.xcassets */,
			);
			path = "Preview Content";
			sourceTree = "<group>";
		};
/* End PBXGroup section */

/* Begin PBXNativeTarget section */
		F36A06082D6385BE00D251B4 /* POKEDEXTROIS */ = {
			isa = PBXNativeTarget;
			buildConfigurationList = F36A061C2D6385C000D251B4 /* Build configuration list for PBXNativeTarget "POKEDEXTROIS" */;
			buildPhases = (
				F36A06052D6385BE00D251B4 /* Sources */,
				F36A06062D6385BE00D251B4 /* Frameworks */,
				F36A06072D6385BE00D251B4 /* Resources */,
			);
			buildRules = (
			);
			dependencies = (
			);
			name = POKEDEXTROIS;
			productName = POKEDEXTROIS;
			productReference = F36A06092D6385BE00D251B4 /* POKEDEXTROIS.app */;
			productType = "com.apple.product-type.application";
		};
/* End PBXNativeTarget section */

/* Begin PBXProject section */
		F36A06012D6385BE00D251B4 /* Project object */ = {
			isa = PBXProject;
			attributes = {
				BuildIndependentTargetsInParallel = 1;
				LastSwiftUpdateCheck = 1500;
				LastUpgradeCheck = 1500;
				TargetAttributes = {
					F36A06082D6385BE00D251B4 = {
						CreatedOnToolsVersion = 15.0.1;
					};
				};
			};
			buildConfigurationList = F36A06042D6385BE00D251B4 /* Build configuration list for PBXProject "POKEDEXTROIS" */;
			compatibilityVersion = "Xcode 14.0";
			developmentRegion = en;
			hasScannedForEncodings = 0;
			knownRegions = (
				en,
				Base,
			);
			mainGroup = F36A06002D6385BE00D251B4;
			productRefGroup = F36A060A2D6385BE00D251B4 /* Products */;
			projectDirPath = "";
			projectRoot = "";
			targets = (
				F36A06082D6385BE00D251B4 /* POKEDEXTROIS */,
			);
		};
/* End PBXProject section */

/* Begin PBXResourcesBuildPhase section */
		F36A06072D6385BE00D251B4 /* Resources */ = {
			isa = PBXResourcesBuildPhase;
			buildActionMask = 2147483647;
			files = (
				F36A06142D6385C000D251B4 /* Preview Assets.xcassets in Resources */,
				F36A06112D6385C000D251B4 /* Assets.xcassets in Resources */,
			);
			runOnlyForDeploymentPostprocessing = 0;
		};
/* End PBXResourcesBuildPhase section */

/* Begin PBXSourcesBuildPhase section */
		F36A06052D6385BE00D251B4 /* Sources */ = {
			isa = PBXSourcesBuildPhase;
			buildActionMask = 2147483647;
			files = (
				F36A06202D63861700D251B4 /* Pokemon.swift in Sources */,
				F36A06162D6385C000D251B4 /* Persistence.swift in Sources */,
				F36A06242D63868800D251B4 /* PokemonDetailsView.swift in Sources */,
				F36A060F2D6385BE00D251B4 /* ContentView.swift in Sources */,
				F36A06192D6385C000D251B4 /* POKEDEXTROIS.xcdatamodeld in Sources */,
				F36A06222D63866200D251B4 /* APIService.swift in Sources */,
				F36A060D2D6385BE00D251B4 /* POKEDEXTROISApp.swift in Sources */,
			);
			runOnlyForDeploymentPostprocessing = 0;
		};
/* End PBXSourcesBuildPhase section */

/* Begin XCBuildConfiguration section */
		F36A061A2D6385C000D251B4 /* Debug */ = {
			isa = XCBuildConfiguration;
			buildSettings = {
				ALWAYS_SEARCH_USER_PATHS = NO;
				ASSETCATALOG_COMPILER_GENERATE_SWIFT_ASSET_SYMBOL_EXTENSIONS = YES;
				CLANG_ANALYZER_NONNULL = YES;
				CLANG_ANALYZER_NUMBER_OBJECT_CONVERSION = YES_AGGRESSIVE;
				CLANG_CXX_LANGUAGE_STANDARD = "gnu++20";
				CLANG_ENABLE_MODULES = YES;
				CLANG_ENABLE_OBJC_ARC = YES;
				CLANG_ENABLE_OBJC_WEAK = YES;
				CLANG_WARN_BLOCK_CAPTURE_AUTORELEASING = YES;
				CLANG_WARN_BOOL_CONVERSION = YES;
				CLANG_WARN_COMMA = YES;
				CLANG_WARN_CONSTANT_CONVERSION = YES;
				CLANG_WARN_DEPRECATED_OBJC_IMPLEMENTATIONS = YES;
				CLANG_WARN_DIRECT_OBJC_ISA_USAGE = YES_ERROR;
				CLANG_WARN_DOCUMENTATION_COMMENTS = YES;
				CLANG_WARN_EMPTY_BODY = YES;
				CLANG_WARN_ENUM_CONVERSION = YES;
				CLANG_WARN_INFINITE_RECURSION = YES;
				CLANG_WARN_INT_CONVERSION = YES;
				CLANG_WARN_NON_LITERAL_NULL_CONVERSION = YES;
				CLANG_WARN_OBJC_IMPLICIT_RETAIN_SELF = YES;
				CLANG_WARN_OBJC_LITERAL_CONVERSION = YES;
				CLANG_WARN_OBJC_ROOT_CLASS = YES_ERROR;
				CLANG_WARN_QUOTED_INCLUDE_IN_FRAMEWORK_HEADER = YES;
				CLANG_WARN_RANGE_LOOP_ANALYSIS = YES;
				CLANG_WARN_STRICT_PROTOTYPES = YES;
				CLANG_WARN_SUSPICIOUS_MOVE = YES;
				CLANG_WARN_UNGUARDED_AVAILABILITY = YES_AGGRESSIVE;
				CLANG_WARN_UNREACHABLE_CODE = YES;
				CLANG_WARN__DUPLICATE_METHOD_MATCH = YES;
				COPY_PHASE_STRIP = NO;
				DEBUG_INFORMATION_FORMAT = dwarf;
				ENABLE_STRICT_OBJC_MSGSEND = YES;
				ENABLE_TESTABILITY = YES;
				ENABLE_USER_SCRIPT_SANDBOXING = YES;
				GCC_C_LANGUAGE_STANDARD = gnu17;
				GCC_DYNAMIC_NO_PIC = NO;
				GCC_NO_COMMON_BLOCKS = YES;
				GCC_OPTIMIZATION_LEVEL = 0;
				GCC_PREPROCESSOR_DEFINITIONS = (
					"DEBUG=1",
					"$(inherited)",
				);
				GCC_WARN_64_TO_32_BIT_CONVERSION = YES;
				GCC_WARN_ABOUT_RETURN_TYPE = YES_ERROR;
				GCC_WARN_UNDECLARED_SELECTOR = YES;
				GCC_WARN_UNINITIALIZED_AUTOS = YES_AGGRESSIVE;
				GCC_WARN_UNUSED_FUNCTION = YES;
				GCC_WARN_UNUSED_VARIABLE = YES;
				IPHONEOS_DEPLOYMENT_TARGET = 17.0;
				LOCALIZATION_PREFERS_STRING_CATALOGS = YES;
				MTL_ENABLE_DEBUG_INFO = INCLUDE_SOURCE;
				MTL_FAST_MATH = YES;
				ONLY_ACTIVE_ARCH = YES;
				SDKROOT = iphoneos;
				SWIFT_ACTIVE_COMPILATION_CONDITIONS = "DEBUG $(inherited)";
				SWIFT_OPTIMIZATION_LEVEL = "-Onone";
			};
			name = Debug;
		};
		F36A061B2D6385C000D251B4 /* Release */ = {
			isa = XCBuildConfiguration;
			buildSettings = {
				ALWAYS_SEARCH_USER_PATHS = NO;
				ASSETCATALOG_COMPILER_GENERATE_SWIFT_ASSET_SYMBOL_EXTENSIONS = YES;
				CLANG_ANALYZER_NONNULL = YES;
				CLANG_ANALYZER_NUMBER_OBJECT_CONVERSION = YES_AGGRESSIVE;
				CLANG_CXX_LANGUAGE_STANDARD = "gnu++20";
				CLANG_ENABLE_MODULES = YES;
				CLANG_ENABLE_OBJC_ARC = YES;
				CLANG_ENABLE_OBJC_WEAK = YES;
				CLANG_WARN_BLOCK_CAPTURE_AUTORELEASING = YES;
				CLANG_WARN_BOOL_CONVERSION = YES;
				CLANG_WARN_COMMA = YES;
				CLANG_WARN_CONSTANT_CONVERSION = YES;
				CLANG_WARN_DEPRECATED_OBJC_IMPLEMENTATIONS = YES;
				CLANG_WARN_DIRECT_OBJC_ISA_USAGE = YES_ERROR;
				CLANG_WARN_DOCUMENTATION_COMMENTS = YES;
				CLANG_WARN_EMPTY_BODY = YES;
				CLANG_WARN_ENUM_CONVERSION = YES;
				CLANG_WARN_INFINITE_RECURSION = YES;
				CLANG_WARN_INT_CONVERSION = YES;
				CLANG_WARN_NON_LITERAL_NULL_CONVERSION = YES;
				CLANG_WARN_OBJC_IMPLICIT_RETAIN_SELF = YES;
				CLANG_WARN_OBJC_LITERAL_CONVERSION = YES;
				CLANG_WARN_OBJC_ROOT_CLASS = YES_ERROR;
				CLANG_WARN_QUOTED_INCLUDE_IN_FRAMEWORK_HEADER = YES;
				CLANG_WARN_RANGE_LOOP_ANALYSIS = YES;
				CLANG_WARN_STRICT_PROTOTYPES = YES;
				CLANG_WARN_SUSPICIOUS_MOVE = YES;
				CLANG_WARN_UNGUARDED_AVAILABILITY = YES_AGGRESSIVE;
				CLANG_WARN_UNREACHABLE_CODE = YES;
				CLANG_WARN__DUPLICATE_METHOD_MATCH = YES;
				COPY_PHASE_STRIP = NO;
				DEBUG_INFORMATION_FORMAT = "dwarf-with-dsym";
				ENABLE_NS_ASSERTIONS = NO;
				ENABLE_STRICT_OBJC_MSGSEND = YES;
				ENABLE_USER_SCRIPT_SANDBOXING = YES;
				GCC_C_LANGUAGE_STANDARD = gnu17;
				GCC_NO_COMMON_BLOCKS = YES;
				GCC_WARN_64_TO_32_BIT_CONVERSION = YES;
				GCC_WARN_ABOUT_RETURN_TYPE = YES_ERROR;
				GCC_WARN_UNDECLARED_SELECTOR = YES;
				GCC_WARN_UNINITIALIZED_AUTOS = YES_AGGRESSIVE;
				GCC_WARN_UNUSED_FUNCTION = YES;
				GCC_WARN_UNUSED_VARIABLE = YES;
				IPHONEOS_DEPLOYMENT_TARGET = 17.0;
				LOCALIZATION_PREFERS_STRING_CATALOGS = YES;
				MTL_ENABLE_DEBUG_INFO = NO;
				MTL_FAST_MATH = YES;
				SDKROOT = iphoneos;
				SWIFT_COMPILATION_MODE = wholemodule;
				VALIDATE_PRODUCT = YES;
			};
			name = Release;
		};
		F36A061D2D6385C000D251B4 /* Debug */ = {
			isa = XCBuildConfiguration;
			buildSettings = {
				ASSETCATALOG_COMPILER_APPICON_NAME = AppIcon;
				ASSETCATALOG_COMPILER_GLOBAL_ACCENT_COLOR_NAME = AccentColor;
				CODE_SIGN_STYLE = Automatic;
				CURRENT_PROJECT_VERSION = 1;
				DEVELOPMENT_ASSET_PATHS = "\"POKEDEXTROIS/Preview Content\"";
				ENABLE_PREVIEWS = YES;
				GENERATE_INFOPLIST_FILE = YES;
				INFOPLIST_KEY_UIApplicationSceneManifest_Generation = YES;
				INFOPLIST_KEY_UIApplicationSupportsIndirectInputEvents = YES;
				INFOPLIST_KEY_UILaunchScreen_Generation = YES;
				INFOPLIST_KEY_UISupportedInterfaceOrientations_iPad = "UIInterfaceOrientationPortrait UIInterfaceOrientationPortraitUpsideDown UIInterfaceOrientationLandscapeLeft UIInterfaceOrientationLandscapeRight";
				INFOPLIST_KEY_UISupportedInterfaceOrientations_iPhone = "UIInterfaceOrientationPortrait UIInterfaceOrientationLandscapeLeft UIInterfaceOrientationLandscapeRight";
				LD_RUNPATH_SEARCH_PATHS = (
					"$(inherited)",
					"@executable_path/Frameworks",
				);
				MARKETING_VERSION = 1.0;
				PRODUCT_BUNDLE_IDENTIFIER = "BVD-Company.POKEDEXTROIS";
				PRODUCT_NAME = "$(TARGET_NAME)";
				SWIFT_EMIT_LOC_STRINGS = YES;
				SWIFT_VERSION = 5.0;
				TARGETED_DEVICE_FAMILY = "1,2";
			};
			name = Debug;
		};
		F36A061E2D6385C000D251B4 /* Release */ = {
			isa = XCBuildConfiguration;
			buildSettings = {
				ASSETCATALOG_COMPILER_APPICON_NAME = AppIcon;
				ASSETCATALOG_COMPILER_GLOBAL_ACCENT_COLOR_NAME = AccentColor;
				CODE_SIGN_STYLE = Automatic;
				CURRENT_PROJECT_VERSION = 1;
				DEVELOPMENT_ASSET_PATHS = "\"POKEDEXTROIS/Preview Content\"";
				ENABLE_PREVIEWS = YES;
				GENERATE_INFOPLIST_FILE = YES;
				INFOPLIST_KEY_UIApplicationSceneManifest_Generation = YES;
				INFOPLIST_KEY_UIApplicationSupportsIndirectInputEvents = YES;
				INFOPLIST_KEY_UILaunchScreen_Generation = YES;
				INFOPLIST_KEY_UISupportedInterfaceOrientations_iPad = "UIInterfaceOrientationPortrait UIInterfaceOrientationPortraitUpsideDown UIInterfaceOrientationLandscapeLeft UIInterfaceOrientationLandscapeRight";
				INFOPLIST_KEY_UISupportedInterfaceOrientations_iPhone = "UIInterfaceOrientationPortrait UIInterfaceOrientationLandscapeLeft UIInterfaceOrientationLandscapeRight";
				LD_RUNPATH_SEARCH_PATHS = (
					"$(inherited)",
					"@executable_path/Frameworks",
				);
				MARKETING_VERSION = 1.0;
				PRODUCT_BUNDLE_IDENTIFIER = "BVD-Company.POKEDEXTROIS";
				PRODUCT_NAME = "$(TARGET_NAME)";
				SWIFT_EMIT_LOC_STRINGS = YES;
				SWIFT_VERSION = 5.0;
				TARGETED_DEVICE_FAMILY = "1,2";
			};
			name = Release;
		};
/* End XCBuildConfiguration section */

/* Begin XCConfigurationList section */
		F36A06042D6385BE00D251B4 /* Build configuration list for PBXProject "POKEDEXTROIS" */ = {
			isa = XCConfigurationList;
			buildConfigurations = (
				F36A061A2D6385C000D251B4 /* Debug */,
				F36A061B2D6385C000D251B4 /* Release */,
			);
			defaultConfigurationIsVisible = 0;
			defaultConfigurationName = Release;
		};
		F36A061C2D6385C000D251B4 /* Build configuration list for PBXNativeTarget "POKEDEXTROIS" */ = {
			isa = XCConfigurationList;
			buildConfigurations = (
				F36A061D2D6385C000D251B4 /* Debug */,
				F36A061E2D6385C000D251B4 /* Release */,
			);
			defaultConfigurationIsVisible = 0;
			defaultConfigurationName = Release;
		};
/* End XCConfigurationList section */

/* Begin XCVersionGroup section */
		F36A06172D6385C000D251B4 /* POKEDEXTROIS.xcdatamodeld */ = {
			isa = XCVersionGroup;
			children = (
				F36A06182D6385C000D251B4 /* POKEDEXTROIS.xcdatamodel */,
			);
			currentVersion = F36A06182D6385C000D251B4 /* POKEDEXTROIS.xcdatamodel */;
			path = POKEDEXTROIS.xcdatamodeld;
			sourceTree = "<group>";
			versionGroupType = wrapper.xcdatamodel;
		};
/* End XCVersionGroup section */
	};
	rootObject = F36A06012D6385BE00D251B4 /* Project object */;
}
